
Microsoft Visual Studio Solution File, Format Version 12.00
#
Project("{F2A71F9B-5D33-465A-A702-920D77279786}") = "Tang", "Tang\Tang.fsproj", "{1FEF3551-D382-476E-A8D0-8D4B08759381}"
EndProject
Project("{F2A71F9B-5D33-465A-A702-920D77279786}") = "Tang.Test", "Tang.Test\Tang.Test.fsproj", "{B0F803C9-7403-4369-8C80-7EA7E0FE2ABC}"
EndProject
Global
	GlobalSection(SolutionConfigurationPlatforms) = preSolution
		Debug|Any CPU = Debug|Any CPU
		Release|Any CPU = Release|Any CPU
	EndGlobalSection
	GlobalSection(ProjectConfigurationPlatforms) = postSolution
		{1FEF3551-D382-476E-A8D0-8D4B08759381}.Debug|Any CPU.ActiveCfg = Debug|Any CPU
		{1FEF3551-D382-476E-A8D0-8D4B08759381}.Debug|Any CPU.Build.0 = Debug|Any CPU
		{1FEF3551-D382-476E-A8D0-8D4B08759381}.Release|Any CPU.ActiveCfg = Release|Any CPU
		{1FEF3551-D382-476E-A8D0-8D4B08759381}.Release|Any CPU.Build.0 = Release|Any CPU
		{B0F803C9-7403-4369-8C80-7EA7E0FE2ABC}.Debug|Any CPU.ActiveCfg = Debug|Any CPU
		{B0F803C9-7403-4369-8C80-7EA7E0FE2ABC}.Debug|Any CPU.Build.0 = Debug|Any CPU
		{B0F803C9-7403-4369-8C80-7EA7E0FE2ABC}.Release|Any CPU.ActiveCfg = Release|Any CPU
		{B0F803C9-7403-4369-8C80-7EA7E0FE2ABC}.Release|Any CPU.Build.0 = Release|Any CPU
	EndGlobalSection
EndGlobal
